
Microsoft Visual Studio Solution File, Format Version 12.00
# Visual Studio Version 17
VisualStudioVersion = 17.5.33627.172
MinimumVisualStudioVersion = 10.0.40219.1
Project("{9A19103F-16F7-4668-BE54-9A1E7A4F7556}") = "DotNetFlashDecompiler", "src\DotNetFlashDecompiler\DotNetFlashDecompiler.csproj", "{E3FEC842-EF57-4847-9F14-F521EC79CD59}"
EndProject
Project("{2150E333-8FDC-42A3-9474-1A3956D46DE8}") = "src", "src", "{24C5F4D5-DC59-4D4B-B9E1-D8FF5F9B4BB7}"
EndProject
Global
	GlobalSection(SolutionConfigurationPlatforms) = preSolution
		Debug|Any CPU = Debug|Any CPU
		Release|Any CPU = Release|Any CPU
	EndGlobalSection
	GlobalSection(ProjectConfigurationPlatforms) = postSolution
		{E3FEC842-EF57-4847-9F14-F521EC79CD59}.Debug|Any CPU.ActiveCfg = Debug|Any CPU
		{E3FEC842-EF57-4847-9F14-F521EC79CD59}.Debug|Any CPU.Build.0 = Debug|Any CPU
		{E3FEC842-EF57-4847-9F14-F521EC79CD59}.Release|Any CPU.ActiveCfg = Release|Any CPU
		{E3FEC842-EF57-4847-9F14-F521EC79CD59}.Release|Any CPU.Build.0 = Release|Any CPU
	EndGlobalSection
	GlobalSection(SolutionProperties) = preSolution
		HideSolutionNode = FALSE
	EndGlobalSection
	GlobalSection(NestedProjects) = preSolution
		{E3FEC842-EF57-4847-9F14-F521EC79CD59} = {24C5F4D5-DC59-4D4B-B9E1-D8FF5F9B4BB7}
	EndGlobalSection
	GlobalSection(ExtensibilityGlobals) = postSolution
		SolutionGuid = {630DA39C-D5E7-4FBA-923B-0228BCB17294}
	EndGlobalSection
EndGlobal
